
Microsoft Visual Studio Solution File, Format Version 12.00
# Visual Studio Version 17
VisualStudioVersion = 17.2.32630.192
MinimumVisualStudioVersion = 10.0.40219.1
Project("{FAE04EC0-301F-11D3-BF4B-00C04F79EFBC}") = "ApiDocs", "ApiDocs\ApiDocs.csproj", "{9C04F347-0BF1-4EAB-B1AD-1D76A82BB380}"
EndProject
Global
	GlobalSection(SolutionConfigurationPlatforms) = preSolution
		Debug|Any CPU = Debug|Any CPU
		Release|Any CPU = Release|Any CPU
	EndGlobalSection
	GlobalSection(ProjectConfigurationPlatforms) = postSolution
		{9C04F347-0BF1-4EAB-B1AD-1D76A82BB380}.Debug|Any CPU.ActiveCfg = Debug|Any CPU
		{9C04F347-0BF1-4EAB-B1AD-1D76A82BB380}.Debug|Any CPU.Build.0 = Debug|Any CPU
		{9C04F347-0BF1-4EAB-B1AD-1D76A82BB380}.Release|Any CPU.ActiveCfg = Release|Any CPU
		{9C04F347-0BF1-4EAB-B1AD-1D76A82BB380}.Release|Any CPU.Build.0 = Release|Any CPU
	EndGlobalSection
	GlobalSection(SolutionProperties) = preSolution
		HideSolutionNode = FALSE
	EndGlobalSection
	GlobalSection(ExtensibilityGlobals) = postSolution
		SolutionGuid = {9BBE1F06-596E-4712-A89D-8F0B96F740B2}
	EndGlobalSection
EndGlobal
